
Microsoft Visual Studio Solution File, Format Version 12.00
# Visual Studio 2013
VisualStudioVersion = 12.0.30324.0
MinimumVisualStudioVersion = 10.0.40219.1
Project("{FAE04EC0-301F-11D3-BF4B-00C04F79EFBC}") = "Common", "Common\Common.csproj", "{92CCF930-6030-447B-8F48-D592C5685D88}"
EndProject
Project("{FAE04EC0-301F-11D3-BF4B-00C04F79EFBC}") = "Client", "Client\Client.csproj", "{79AC38F9-91B7-4170-8ADF-A537E6C0584D}"
EndProject
Project("{FAE04EC0-301F-11D3-BF4B-00C04F79EFBC}") = "Server", "Server\Server.csproj", "{A30B0D1E-2274-4F77-8FA4-78B7D5C4F5BA}"
EndProject
Global
	GlobalSection(SolutionConfigurationPlatforms) = preSolution
		Debug|Any CPU = Debug|Any CPU
		Release|Any CPU = Release|Any CPU
	EndGlobalSection
	GlobalSection(ProjectConfigurationPlatforms) = postSolution
		{92CCF930-6030-447B-8F48-D592C5685D88}.Debug|Any CPU.ActiveCfg = Debug|Any CPU
		{92CCF930-6030-447B-8F48-D592C5685D88}.Debug|Any CPU.Build.0 = Debug|Any CPU
		{92CCF930-6030-447B-8F48-D592C5685D88}.Release|Any CPU.ActiveCfg = Release|Any CPU
		{92CCF930-6030-447B-8F48-D592C5685D88}.Release|Any CPU.Build.0 = Release|Any CPU
		{79AC38F9-91B7-4170-8ADF-A537E6C0584D}.Debug|Any CPU.ActiveCfg = Debug|Any CPU
		{79AC38F9-91B7-4170-8ADF-A537E6C0584D}.Debug|Any CPU.Build.0 = Debug|Any CPU
		{79AC38F9-91B7-4170-8ADF-A537E6C0584D}.Release|Any CPU.ActiveCfg = Release|Any CPU
		{79AC38F9-91B7-4170-8ADF-A537E6C0584D}.Release|Any CPU.Build.0 = Release|Any CPU
		{A30B0D1E-2274-4F77-8FA4-78B7D5C4F5BA}.Debug|Any CPU.ActiveCfg = Debug|Any CPU
		{A30B0D1E-2274-4F77-8FA4-78B7D5C4F5BA}.Debug|Any CPU.Build.0 = Debug|Any CPU
		{A30B0D1E-2274-4F77-8FA4-78B7D5C4F5BA}.Release|Any CPU.ActiveCfg = Release|Any CPU
		{A30B0D1E-2274-4F77-8FA4-78B7D5C4F5BA}.Release|Any CPU.Build.0 = Release|Any CPU
	EndGlobalSection
	GlobalSection(SolutionProperties) = preSolution
		HideSolutionNode = FALSE
	EndGlobalSection
EndGlobal
